{
  "name": "better-auth-session-hardener-server",
  "version": "0.1.0",
  "lockfileVersion": 3,
  "requires": true,
  "packages": {
    "": {
      "name": "better-auth-session-hardener-server",
      "version": "0.1.0",
      "dependencies": {
        "hono": "^4.4.8",
        "jose": "^5.9.0"
      }
    },
    "node_modules/hono": {
      "version": "4.9.6",
      "license": "MIT",
      "engines": {
        "node": ">=16.9.0"
      }
    },
    "node_modules/jose": {
      "version": "5.10.0",
      "license": "MIT",
      "funding": {
        "url": "https://github.com/sponsors/panva"
      }
    }
  }
}
